
Microsoft Visual Studio Solution File, Format Version 12.00
# Visual Studio Version 17
VisualStudioVersion = 17.0.31903.59
MinimumVisualStudioVersion = 10.0.40219.1
Project("{2150E333-8FDC-42A3-9474-1A3956D46DE8}") = "src", "src", "{CF3149FA-74B6-48B6-A377-87EBB2DC9C28}"
EndProject
Project("{FAE04EC0-301F-11D3-BF4B-00C04F79EFBC}") = "Test.App", "src\Test.App\Test.App.csproj", "{FF8747E9-F815-4F8B-ABBD-13EF7EE9889E}"
EndProject
Project("{FAE04EC0-301F-11D3-BF4B-00C04F79EFBC}") = "Test.Store", "src\Test.Store\Test.Store.csproj", "{500A6338-40C8-4927-9815-B7F9CBFD0452}"
EndProject
Project("{FAE04EC0-301F-11D3-BF4B-00C04F79EFBC}") = "Test.Shared", "src\Test.Shared\Test.Shared.csproj", "{48BF1565-1F8A-41B9-A838-86411588ED1D}"
EndProject
Project("{FAE04EC0-301F-11D3-BF4B-00C04F79EFBC}") = "Test.Module", "src\Test.Module\Test.Module.csproj", "{8D50C173-E594-4AEA-AC0C-518E7C9F1DD2}"
EndProject
Project("{FAE04EC0-301F-11D3-BF4B-00C04F79EFBC}") = "Test.ComponentLib", "src\Test.ComponentLib\Test.ComponentLib.csproj", "{C684596F-D9C1-43AC-B8F0-5DFA03AC4A55}"
EndProject
Global
	GlobalSection(SolutionConfigurationPlatforms) = preSolution
		Debug|Any CPU = Debug|Any CPU
		Release|Any CPU = Release|Any CPU
	EndGlobalSection
	GlobalSection(SolutionProperties) = preSolution
		HideSolutionNode = FALSE
	EndGlobalSection
	GlobalSection(ProjectConfigurationPlatforms) = postSolution
		{FF8747E9-F815-4F8B-ABBD-13EF7EE9889E}.Debug|Any CPU.ActiveCfg = Debug|Any CPU
		{FF8747E9-F815-4F8B-ABBD-13EF7EE9889E}.Debug|Any CPU.Build.0 = Debug|Any CPU
		{FF8747E9-F815-4F8B-ABBD-13EF7EE9889E}.Release|Any CPU.ActiveCfg = Release|Any CPU
		{FF8747E9-F815-4F8B-ABBD-13EF7EE9889E}.Release|Any CPU.Build.0 = Release|Any CPU
		{500A6338-40C8-4927-9815-B7F9CBFD0452}.Debug|Any CPU.ActiveCfg = Debug|Any CPU
		{500A6338-40C8-4927-9815-B7F9CBFD0452}.Debug|Any CPU.Build.0 = Debug|Any CPU
		{500A6338-40C8-4927-9815-B7F9CBFD0452}.Release|Any CPU.ActiveCfg = Release|Any CPU
		{500A6338-40C8-4927-9815-B7F9CBFD0452}.Release|Any CPU.Build.0 = Release|Any CPU
		{48BF1565-1F8A-41B9-A838-86411588ED1D}.Debug|Any CPU.ActiveCfg = Debug|Any CPU
		{48BF1565-1F8A-41B9-A838-86411588ED1D}.Debug|Any CPU.Build.0 = Debug|Any CPU
		{48BF1565-1F8A-41B9-A838-86411588ED1D}.Release|Any CPU.ActiveCfg = Release|Any CPU
		{48BF1565-1F8A-41B9-A838-86411588ED1D}.Release|Any CPU.Build.0 = Release|Any CPU
		{8D50C173-E594-4AEA-AC0C-518E7C9F1DD2}.Debug|Any CPU.ActiveCfg = Debug|Any CPU
		{8D50C173-E594-4AEA-AC0C-518E7C9F1DD2}.Debug|Any CPU.Build.0 = Debug|Any CPU
		{8D50C173-E594-4AEA-AC0C-518E7C9F1DD2}.Release|Any CPU.ActiveCfg = Release|Any CPU
		{8D50C173-E594-4AEA-AC0C-518E7C9F1DD2}.Release|Any CPU.Build.0 = Release|Any CPU
		{C684596F-D9C1-43AC-B8F0-5DFA03AC4A55}.Debug|Any CPU.ActiveCfg = Debug|Any CPU
		{C684596F-D9C1-43AC-B8F0-5DFA03AC4A55}.Debug|Any CPU.Build.0 = Debug|Any CPU
		{C684596F-D9C1-43AC-B8F0-5DFA03AC4A55}.Release|Any CPU.ActiveCfg = Release|Any CPU
		{C684596F-D9C1-43AC-B8F0-5DFA03AC4A55}.Release|Any CPU.Build.0 = Release|Any CPU
	EndGlobalSection
	GlobalSection(NestedProjects) = preSolution
		{FF8747E9-F815-4F8B-ABBD-13EF7EE9889E} = {CF3149FA-74B6-48B6-A377-87EBB2DC9C28}
		{500A6338-40C8-4927-9815-B7F9CBFD0452} = {CF3149FA-74B6-48B6-A377-87EBB2DC9C28}
		{48BF1565-1F8A-41B9-A838-86411588ED1D} = {CF3149FA-74B6-48B6-A377-87EBB2DC9C28}
		{8D50C173-E594-4AEA-AC0C-518E7C9F1DD2} = {CF3149FA-74B6-48B6-A377-87EBB2DC9C28}
		{C684596F-D9C1-43AC-B8F0-5DFA03AC4A55} = {CF3149FA-74B6-48B6-A377-87EBB2DC9C28}
	EndGlobalSection
EndGlobal
